
Microsoft Visual Studio Solution File, Format Version 12.00
# Visual Studio Version 17
VisualStudioVersion = 17.14.36203.30 d17.14
MinimumVisualStudioVersion = 10.0.40219.1
Project("{FAE04EC0-301F-11D3-BF4B-00C04F79EFBC}") = "WinFormUI", "WinFormUI\WinFormUI.csproj", "{8DCF0F1D-BE09-405A-9ED5-68BF2F107E8E}"
EndProject
Project("{FAE04EC0-301F-11D3-BF4B-00C04F79EFBC}") = "BLL", "BLL\BLL.csproj", "{95CEBF51-8915-446C-8863-8CCF465431E6}"
EndProject
Project("{FAE04EC0-301F-11D3-BF4B-00C04F79EFBC}") = "DAL", "DAL\DAL.csproj", "{C1C2DDDD-07BF-4404-A75E-351365293804}"
EndProject
Global
	GlobalSection(SolutionConfigurationPlatforms) = preSolution
		Debug|Any CPU = Debug|Any CPU
		Release|Any CPU = Release|Any CPU
	EndGlobalSection
	GlobalSection(ProjectConfigurationPlatforms) = postSolution
		{8DCF0F1D-BE09-405A-9ED5-68BF2F107E8E}.Debug|Any CPU.ActiveCfg = Debug|Any CPU
		{8DCF0F1D-BE09-405A-9ED5-68BF2F107E8E}.Debug|Any CPU.Build.0 = Debug|Any CPU
		{8DCF0F1D-BE09-405A-9ED5-68BF2F107E8E}.Release|Any CPU.ActiveCfg = Release|Any CPU
		{8DCF0F1D-BE09-405A-9ED5-68BF2F107E8E}.Release|Any CPU.Build.0 = Release|Any CPU
		{95CEBF51-8915-446C-8863-8CCF465431E6}.Debug|Any CPU.ActiveCfg = Debug|Any CPU
		{95CEBF51-8915-446C-8863-8CCF465431E6}.Debug|Any CPU.Build.0 = Debug|Any CPU
		{95CEBF51-8915-446C-8863-8CCF465431E6}.Release|Any CPU.ActiveCfg = Release|Any CPU
		{95CEBF51-8915-446C-8863-8CCF465431E6}.Release|Any CPU.Build.0 = Release|Any CPU
		{C1C2DDDD-07BF-4404-A75E-351365293804}.Debug|Any CPU.ActiveCfg = Debug|Any CPU
		{C1C2DDDD-07BF-4404-A75E-351365293804}.Debug|Any CPU.Build.0 = Debug|Any CPU
		{C1C2DDDD-07BF-4404-A75E-351365293804}.Release|Any CPU.ActiveCfg = Release|Any CPU
		{C1C2DDDD-07BF-4404-A75E-351365293804}.Release|Any CPU.Build.0 = Release|Any CPU
	EndGlobalSection
	GlobalSection(SolutionProperties) = preSolution
		HideSolutionNode = FALSE
	EndGlobalSection
	GlobalSection(ExtensibilityGlobals) = postSolution
		SolutionGuid = {5DE15C75-E102-4784-A153-749ECF1A4416}
	EndGlobalSection
EndGlobal
